
Microsoft Visual Studio Solution File, Format Version 12.00
# Visual Studio 15
VisualStudioVersion = 15.0.26403.7
MinimumVisualStudioVersion = 10.0.40219.1
Project("{8BC9CEB8-8B4A-11D0-8D11-00A0C91BC942}") = "Game Project", "Game Project.vcxproj", "{CF226B77-D81B-47F4-8E1B-4669127B9386}"
	ProjectSection(ProjectDependencies) = postProject
		{69643736-46FC-4157-8E49-B73C611C0E9A} = {69643736-46FC-4157-8E49-B73C611C0E9A}
	EndProjectSection
EndProject
Project("{8BC9CEB8-8B4A-11D0-8D11-00A0C91BC942}") = "Graphics Engine", "Graphics Engine.vcxproj", "{69643736-46FC-4157-8E49-B73C611C0E9A}"
EndProject
Global
	GlobalSection(SolutionConfigurationPlatforms) = preSolution
		Debug|x64 = Debug|x64
		Debug|x86 = Debug|x86
		Release|x64 = Release|x64
		Release|x86 = Release|x86
	EndGlobalSection
	GlobalSection(ProjectConfigurationPlatforms) = postSolution
		{CF226B77-D81B-47F4-8E1B-4669127B9386}.Debug|x64.ActiveCfg = Debug|x64
		{CF226B77-D81B-47F4-8E1B-4669127B9386}.Debug|x64.Build.0 = Debug|x64
		{CF226B77-D81B-47F4-8E1B-4669127B9386}.Debug|x86.ActiveCfg = Debug|Win32
		{CF226B77-D81B-47F4-8E1B-4669127B9386}.Debug|x86.Build.0 = Debug|Win32
		{CF226B77-D81B-47F4-8E1B-4669127B9386}.Release|x64.ActiveCfg = Release|x64
		{CF226B77-D81B-47F4-8E1B-4669127B9386}.Release|x64.Build.0 = Release|x64
		{CF226B77-D81B-47F4-8E1B-4669127B9386}.Release|x86.ActiveCfg = Release|Win32
		{CF226B77-D81B-47F4-8E1B-4669127B9386}.Release|x86.Build.0 = Release|Win32
		{69643736-46FC-4157-8E49-B73C611C0E9A}.Debug|x64.ActiveCfg = Debug|x64
		{69643736-46FC-4157-8E49-B73C611C0E9A}.Debug|x64.Build.0 = Debug|x64
		{69643736-46FC-4157-8E49-B73C611C0E9A}.Debug|x86.ActiveCfg = Debug|Win32
		{69643736-46FC-4157-8E49-B73C611C0E9A}.Debug|x86.Build.0 = Debug|Win32
		{69643736-46FC-4157-8E49-B73C611C0E9A}.Release|x64.ActiveCfg = Release|x64
		{69643736-46FC-4157-8E49-B73C611C0E9A}.Release|x64.Build.0 = Release|x64
		{69643736-46FC-4157-8E49-B73C611C0E9A}.Release|x86.ActiveCfg = Release|Win32
		{69643736-46FC-4157-8E49-B73C611C0E9A}.Release|x86.Build.0 = Release|Win32
	EndGlobalSection
	GlobalSection(SolutionProperties) = preSolution
		HideSolutionNode = FALSE
	EndGlobalSection
EndGlobal
