
Microsoft Visual Studio Solution File, Format Version 12.00
# Visual Studio 15
VisualStudioVersion = 15.0.26403.7
MinimumVisualStudioVersion = 10.0.40219.1
Project("{8BC9CEB8-8B4A-11D0-8D11-00A0C91BC942}") = "Graphics Engine", "Graphics Engine\Graphics Engine.vcxproj", "{69643736-46FC-4157-8E49-B73C611C0E9A}"
	ProjectSection(ProjectDependencies) = postProject
		{6D4CFD0E-8772-462A-9AC1-7DBAD9C16880} = {6D4CFD0E-8772-462A-9AC1-7DBAD9C16880}
		{6857F086-F6FE-4150-9ED7-7446F1C1C220} = {6857F086-F6FE-4150-9ED7-7446F1C1C220}
	EndProjectSection
EndProject
Project("{8BC9CEB8-8B4A-11D0-8D11-00A0C91BC942}") = "meshconvert", "..\DirectXMesh-master\Meshconvert\Meshconvert_Desktop_2017.vcxproj", "{6D4CFD0E-8772-462A-9AC1-7DBAD9C16880}"
EndProject
Project("{8BC9CEB8-8B4A-11D0-8D11-00A0C91BC942}") = "DirectXMesh", "..\DirectXMesh-master\DirectXMesh\DirectXMesh_Desktop_2017.vcxproj", "{6857F086-F6FE-4150-9ED7-7446F1C1C220}"
EndProject
Global
	GlobalSection(SolutionConfigurationPlatforms) = preSolution
		Debug|x64 = Debug|x64
		Debug|x86 = Debug|x86
		Profile|x64 = Profile|x64
		Profile|x86 = Profile|x86
		Release|x64 = Release|x64
		Release|x86 = Release|x86
	EndGlobalSection
	GlobalSection(ProjectConfigurationPlatforms) = postSolution
		{69643736-46FC-4157-8E49-B73C611C0E9A}.Debug|x64.ActiveCfg = Debug|x64
		{69643736-46FC-4157-8E49-B73C611C0E9A}.Debug|x64.Build.0 = Debug|x64
		{69643736-46FC-4157-8E49-B73C611C0E9A}.Debug|x86.ActiveCfg = Debug|Win32
		{69643736-46FC-4157-8E49-B73C611C0E9A}.Debug|x86.Build.0 = Debug|Win32
		{69643736-46FC-4157-8E49-B73C611C0E9A}.Profile|x64.ActiveCfg = Release|x64
		{69643736-46FC-4157-8E49-B73C611C0E9A}.Profile|x64.Build.0 = Release|x64
		{69643736-46FC-4157-8E49-B73C611C0E9A}.Profile|x86.ActiveCfg = Release|Win32
		{69643736-46FC-4157-8E49-B73C611C0E9A}.Profile|x86.Build.0 = Release|Win32
		{69643736-46FC-4157-8E49-B73C611C0E9A}.Release|x64.ActiveCfg = Release|x64
		{69643736-46FC-4157-8E49-B73C611C0E9A}.Release|x64.Build.0 = Release|x64
		{69643736-46FC-4157-8E49-B73C611C0E9A}.Release|x86.ActiveCfg = Release|Win32
		{69643736-46FC-4157-8E49-B73C611C0E9A}.Release|x86.Build.0 = Release|Win32
		{6D4CFD0E-8772-462A-9AC1-7DBAD9C16880}.Debug|x64.ActiveCfg = Debug|x64
		{6D4CFD0E-8772-462A-9AC1-7DBAD9C16880}.Debug|x64.Build.0 = Debug|x64
		{6D4CFD0E-8772-462A-9AC1-7DBAD9C16880}.Debug|x86.ActiveCfg = Debug|Win32
		{6D4CFD0E-8772-462A-9AC1-7DBAD9C16880}.Debug|x86.Build.0 = Debug|Win32
		{6D4CFD0E-8772-462A-9AC1-7DBAD9C16880}.Profile|x64.ActiveCfg = Profile|x64
		{6D4CFD0E-8772-462A-9AC1-7DBAD9C16880}.Profile|x64.Build.0 = Profile|x64
		{6D4CFD0E-8772-462A-9AC1-7DBAD9C16880}.Profile|x86.ActiveCfg = Profile|Win32
		{6D4CFD0E-8772-462A-9AC1-7DBAD9C16880}.Profile|x86.Build.0 = Profile|Win32
		{6D4CFD0E-8772-462A-9AC1-7DBAD9C16880}.Release|x64.ActiveCfg = Release|x64
		{6D4CFD0E-8772-462A-9AC1-7DBAD9C16880}.Release|x64.Build.0 = Release|x64
		{6D4CFD0E-8772-462A-9AC1-7DBAD9C16880}.Release|x86.ActiveCfg = Release|Win32
		{6D4CFD0E-8772-462A-9AC1-7DBAD9C16880}.Release|x86.Build.0 = Release|Win32
		{6857F086-F6FE-4150-9ED7-7446F1C1C220}.Debug|x64.ActiveCfg = Debug|x64
		{6857F086-F6FE-4150-9ED7-7446F1C1C220}.Debug|x64.Build.0 = Debug|x64
		{6857F086-F6FE-4150-9ED7-7446F1C1C220}.Debug|x86.ActiveCfg = Debug|Win32
		{6857F086-F6FE-4150-9ED7-7446F1C1C220}.Debug|x86.Build.0 = Debug|Win32
		{6857F086-F6FE-4150-9ED7-7446F1C1C220}.Profile|x64.ActiveCfg = Profile|x64
		{6857F086-F6FE-4150-9ED7-7446F1C1C220}.Profile|x64.Build.0 = Profile|x64
		{6857F086-F6FE-4150-9ED7-7446F1C1C220}.Profile|x86.ActiveCfg = Profile|Win32
		{6857F086-F6FE-4150-9ED7-7446F1C1C220}.Profile|x86.Build.0 = Profile|Win32
		{6857F086-F6FE-4150-9ED7-7446F1C1C220}.Release|x64.ActiveCfg = Release|x64
		{6857F086-F6FE-4150-9ED7-7446F1C1C220}.Release|x64.Build.0 = Release|x64
		{6857F086-F6FE-4150-9ED7-7446F1C1C220}.Release|x86.ActiveCfg = Release|Win32
		{6857F086-F6FE-4150-9ED7-7446F1C1C220}.Release|x86.Build.0 = Release|Win32
	EndGlobalSection
	GlobalSection(SolutionProperties) = preSolution
		HideSolutionNode = FALSE
	EndGlobalSection
EndGlobal
